// !$*UTF8*$!
{
	archiveVersion = 1;
	classes = {
	};
	objectVersion = 48;
	objects = {

/* Begin PBXBuildFile section */
		68ACA88924B22E4E00488824 /* AppDelegate.swift in Sources */ = {isa = PBXBuildFile; fileRef = 68ACA88824B22E4E00488824 /* AppDelegate.swift */; };
		68ACA88E24B22E4F00488824 /* Main.storyboard in Resources */ = {isa = PBXBuildFile; fileRef = 68ACA88C24B22E4F00488824 /* Main.storyboard */; };
		68ACA89024B22E4F00488824 /* Assets.xcassets in Resources */ = {isa = PBXBuildFile; fileRef = 68ACA88F24B22E4F00488824 /* Assets.xcassets */; };
		68ACA89324B22E4F00488824 /* LaunchScreen.storyboard in Resources */ = {isa = PBXBuildFile; fileRef = 68ACA89124B22E4F00488824 /* LaunchScreen.storyboard */; };
		68ACA89B24B22EE700488824 /* StartVC.swift in Sources */ = {isa = PBXBuildFile; fileRef = 68ACA89A24B22EE700488824 /* StartVC.swift */; };
		68ACA89D24B22F0900488824 /* PriceVC.swift in Sources */ = {isa = PBXBuildFile; fileRef = 68ACA89C24B22F0900488824 /* PriceVC.swift */; };
/* End PBXBuildFile section */

/* Begin PBXFileReference section */
		68ACA88524B22E4E00488824 /* Цена на Гранит.app */ = {isa = PBXFileReference; explicitFileType = wrapper.application; includeInIndex = 0; path = "Цена на Гранит.app"; sourceTree = BUILT_PRODUCTS_DIR; };
		68ACA88824B22E4E00488824 /* AppDelegate.swift */ = {isa = PBXFileReference; lastKnownFileType = sourcecode.swift; path = AppDelegate.swift; sourceTree = "<group>"; };
		68ACA88D24B22E4F00488824 /* Base */ = {isa = PBXFileReference; lastKnownFileType = file.storyboard; name = Base; path = Base.lproj/Main.storyboard; sourceTree = "<group>"; };
		68ACA88F24B22E4F00488824 /* Assets.xcassets */ = {isa = PBXFileReference; lastKnownFileType = folder.assetcatalog; path = Assets.xcassets; sourceTree = "<group>"; };
		68ACA89224B22E4F00488824 /* Base */ = {isa = PBXFileReference; lastKnownFileType = file.storyboard; name = Base; path = Base.lproj/LaunchScreen.storyboard; sourceTree = "<group>"; };
		68ACA89424B22E4F00488824 /* Info.plist */ = {isa = PBXFileReference; lastKnownFileType = text.plist.xml; path = Info.plist; sourceTree = "<group>"; };
		68ACA89A24B22EE700488824 /* StartVC.swift */ = {isa = PBXFileReference; lastKnownFileType = sourcecode.swift; path = StartVC.swift; sourceTree = "<group>"; };
		68ACA89C24B22F0900488824 /* PriceVC.swift */ = {isa = PBXFileReference; lastKnownFileType = sourcecode.swift; path = PriceVC.swift; sourceTree = "<group>"; };
/* End PBXFileReference section */

/* Begin PBXFrameworksBuildPhase section */
		68ACA88224B22E4E00488824 /* Frameworks */ = {
			isa = PBXFrameworksBuildPhase;
			buildActionMask = 2147483647;
			files = (
			);
			runOnlyForDeploymentPostprocessing = 0;
		};
/* End PBXFrameworksBuildPhase section */

/* Begin PBXGroup section */
		68ACA87C24B22E4E00488824 = {
			isa = PBXGroup;
			children = (
				68ACA88724B22E4E00488824 /* Цена на Гранит */,
				68ACA88624B22E4E00488824 /* Products */,
			);
			sourceTree = "<group>";
		};
		68ACA88624B22E4E00488824 /* Products */ = {
			isa = PBXGroup;
			children = (
				68ACA88524B22E4E00488824 /* Цена на Гранит.app */,
			);
			name = Products;
			sourceTree = "<group>";
		};
		68ACA88724B22E4E00488824 /* Цена на Гранит */ = {
			isa = PBXGroup;
			children = (
				68ACA88824B22E4E00488824 /* AppDelegate.swift */,
				68ACA89A24B22EE700488824 /* StartVC.swift */,
				68ACA89C24B22F0900488824 /* PriceVC.swift */,
				68ACA88C24B22E4F00488824 /* Main.storyboard */,
				68ACA88F24B22E4F00488824 /* Assets.xcassets */,
				68ACA89124B22E4F00488824 /* LaunchScreen.storyboard */,
				68ACA89424B22E4F00488824 /* Info.plist */,
			);
			path = "Цена на Гранит";
			sourceTree = "<group>";
		};
/* End PBXGroup section */

/* Begin PBXNativeTarget section */
		68ACA88424B22E4E00488824 /* Цена на Гранит */ = {
			isa = PBXNativeTarget;
			buildConfigurationList = 68ACA89724B22E4F00488824 /* Build configuration list for PBXNativeTarget "Цена на Гранит" */;
			buildPhases = (
				68ACA88124B22E4E00488824 /* Sources */,
				68ACA88224B22E4E00488824 /* Frameworks */,
				68ACA88324B22E4E00488824 /* Resources */,
			);
			buildRules = (
			);
			dependencies = (
			);
			name = "Цена на Гранит";
			productName = "Цена на Гранит";
			productReference = 68ACA88524B22E4E00488824 /* Цена на Гранит.app */;
			productType = "com.apple.product-type.application";
		};
/* End PBXNativeTarget section */

/* Begin PBXProject section */
		68ACA87D24B22E4E00488824 /* Project object */ = {
			isa = PBXProject;
			attributes = {
				LastSwiftUpdateCheck = 0920;
				LastUpgradeCheck = 0920;
				ORGANIZATIONNAME = "Sachkov Dmitry";
				TargetAttributes = {
					68ACA88424B22E4E00488824 = {
						CreatedOnToolsVersion = 9.2;
						ProvisioningStyle = Automatic;
					};
				};
			};
			buildConfigurationList = 68ACA88024B22E4E00488824 /* Build configuration list for PBXProject "Цена на Гранит" */;
			compatibilityVersion = "Xcode 8.0";
			developmentRegion = en;
			hasScannedForEncodings = 0;
			knownRegions = (
				en,
				Base,
			);
			mainGroup = 68ACA87C24B22E4E00488824;
			productRefGroup = 68ACA88624B22E4E00488824 /* Products */;
			projectDirPath = "";
			projectRoot = "";
			targets = (
				68ACA88424B22E4E00488824 /* Цена на Гранит */,
			);
		};
/* End PBXProject section */

/* Begin PBXResourcesBuildPhase section */
		68ACA88324B22E4E00488824 /* Resources */ = {
			isa = PBXResourcesBuildPhase;
			buildActionMask = 2147483647;
			files = (
				68ACA89324B22E4F00488824 /* LaunchScreen.storyboard in Resources */,
				68ACA89024B22E4F00488824 /* Assets.xcassets in Resources */,
				68ACA88E24B22E4F00488824 /* Main.storyboard in Resources */,
			);
			runOnlyForDeploymentPostprocessing = 0;
		};
/* End PBXResourcesBuildPhase section */

/* Begin PBXSourcesBuildPhase section */
		68ACA88124B22E4E00488824 /* Sources */ = {
			isa = PBXSourcesBuildPhase;
			buildActionMask = 2147483647;
			files = (
				68ACA88924B22E4E00488824 /* AppDelegate.swift in Sources */,
				68ACA89B24B22EE700488824 /* StartVC.swift in Sources */,
				68ACA89D24B22F0900488824 /* PriceVC.swift in Sources */,
			);
			runOnlyForDeploymentPostprocessing = 0;
		};
/* End PBXSourcesBuildPhase section */

/* Begin PBXVariantGroup section */
		68ACA88C24B22E4F00488824 /* Main.storyboard */ = {
			isa = PBXVariantGroup;
			children = (
				68ACA88D24B22E4F00488824 /* Base */,
			);
			name = Main.storyboard;
			sourceTree = "<group>";
		};
		68ACA89124B22E4F00488824 /* LaunchScreen.storyboard */ = {
			isa = PBXVariantGroup;
			children = (
				68ACA89224B22E4F00488824 /* Base */,
			);
			name = LaunchScreen.storyboard;
			sourceTree = "<group>";
		};
/* End PBXVariantGroup section */

/* Begin XCBuildConfiguration section */
		68ACA89524B22E4F00488824 /* Debug */ = {
			isa = XCBuildConfiguration;
			buildSettings = {
				ALWAYS_SEARCH_USER_PATHS = NO;
				CLANG_ANALYZER_NONNULL = YES;
				CLANG_ANALYZER_NUMBER_OBJECT_CONVERSION = YES_AGGRESSIVE;
				CLANG_CXX_LANGUAGE_STANDARD = "gnu++14";
				CLANG_CXX_LIBRARY = "libc++";
				CLANG_ENABLE_MODULES = YES;
				CLANG_ENABLE_OBJC_ARC = YES;
				CLANG_WARN_BLOCK_CAPTURE_AUTORELEASING = YES;
				CLANG_WARN_BOOL_CONVERSION = YES;
				CLANG_WARN_COMMA = YES;
				CLANG_WARN_CONSTANT_CONVERSION = YES;
				CLANG_WARN_DIRECT_OBJC_ISA_USAGE = YES_ERROR;
				CLANG_WARN_DOCUMENTATION_COMMENTS = YES;
				CLANG_WARN_EMPTY_BODY = YES;
				CLANG_WARN_ENUM_CONVERSION = YES;
				CLANG_WARN_INFINITE_RECURSION = YES;
				CLANG_WARN_INT_CONVERSION = YES;
				CLANG_WARN_NON_LITERAL_NULL_CONVERSION = YES;
				CLANG_WARN_OBJC_LITERAL_CONVERSION = YES;
				CLANG_WARN_OBJC_ROOT_CLASS = YES_ERROR;
				CLANG_WARN_RANGE_LOOP_ANALYSIS = YES;
				CLANG_WARN_STRICT_PROTOTYPES = YES;
				CLANG_WARN_SUSPICIOUS_MOVE = YES;
				CLANG_WARN_UNGUARDED_AVAILABILITY = YES_AGGRESSIVE;
				CLANG_WARN_UNREACHABLE_CODE = YES;
				CLANG_WARN__DUPLICATE_METHOD_MATCH = YES;
				CODE_SIGN_IDENTITY = "iPhone Developer";
				COPY_PHASE_STRIP = NO;
				DEBUG_INFORMATION_FORMAT = dwarf;
				ENABLE_STRICT_OBJC_MSGSEND = YES;
				ENABLE_TESTABILITY = YES;
				GCC_C_LANGUAGE_STANDARD = gnu11;
				GCC_DYNAMIC_NO_PIC = NO;
				GCC_NO_COMMON_BLOCKS = YES;
				GCC_OPTIMIZATION_LEVEL = 0;
				GCC_PREPROCESSOR_DEFINITIONS = (
					"DEBUG=1",
					"$(inherited)",
				);
				GCC_WARN_64_TO_32_BIT_CONVERSION = YES;
				GCC_WARN_ABOUT_RETURN_TYPE = YES_ERROR;
				GCC_WARN_UNDECLARED_SELECTOR = YES;
				GCC_WARN_UNINITIALIZED_AUTOS = YES_AGGRESSIVE;
				GCC_WARN_UNUSED_FUNCTION = YES;
				GCC_WARN_UNUSED_VARIABLE = YES;
				IPHONEOS_DEPLOYMENT_TARGET = 11.2;
				MTL_ENABLE_DEBUG_INFO = YES;
				ONLY_ACTIVE_ARCH = YES;
				SDKROOT = iphoneos;
				SWIFT_ACTIVE_COMPILATION_CONDITIONS = DEBUG;
				SWIFT_OPTIMIZATION_LEVEL = "-Onone";
			};
			name = Debug;
		};
		68ACA89624B22E4F00488824 /* Release */ = {
			isa = XCBuildConfiguration;
			buildSettings = {
				ALWAYS_SEARCH_USER_PATHS = NO;
				CLANG_ANALYZER_NONNULL = YES;
				CLANG_ANALYZER_NUMBER_OBJECT_CONVERSION = YES_AGGRESSIVE;
				CLANG_CXX_LANGUAGE_STANDARD = "gnu++14";
				CLANG_CXX_LIBRARY = "libc++";
				CLANG_ENABLE_MODULES = YES;
				CLANG_ENABLE_OBJC_ARC = YES;
				CLANG_WARN_BLOCK_CAPTURE_AUTORELEASING = YES;
				CLANG_WARN_BOOL_CONVERSION = YES;
				CLANG_WARN_COMMA = YES;
				CLANG_WARN_CONSTANT_CONVERSION = YES;
				CLANG_WARN_DIRECT_OBJC_ISA_USAGE = YES_ERROR;
				CLANG_WARN_DOCUMENTATION_COMMENTS = YES;
				CLANG_WARN_EMPTY_BODY = YES;
				CLANG_WARN_ENUM_CONVERSION = YES;
				CLANG_WARN_INFINITE_RECURSION = YES;
				CLANG_WARN_INT_CONVERSION = YES;
				CLANG_WARN_NON_LITERAL_NULL_CONVERSION = YES;
				CLANG_WARN_OBJC_LITERAL_CONVERSION = YES;
				CLANG_WARN_OBJC_ROOT_CLASS = YES_ERROR;
				CLANG_WARN_RANGE_LOOP_ANALYSIS = YES;
				CLANG_WARN_STRICT_PROTOTYPES = YES;
				CLANG_WARN_SUSPICIOUS_MOVE = YES;
				CLANG_WARN_UNGUARDED_AVAILABILITY = YES_AGGRESSIVE;
				CLANG_WARN_UNREACHABLE_CODE = YES;
				CLANG_WARN__DUPLICATE_METHOD_MATCH = YES;
				CODE_SIGN_IDENTITY = "iPhone Developer";
				COPY_PHASE_STRIP = NO;
				DEBUG_INFORMATION_FORMAT = "dwarf-with-dsym";
				ENABLE_NS_ASSERTIONS = NO;
				ENABLE_STRICT_OBJC_MSGSEND = YES;
				GCC_C_LANGUAGE_STANDARD = gnu11;
				GCC_NO_COMMON_BLOCKS = YES;
				GCC_WARN_64_TO_32_BIT_CONVERSION = YES;
				GCC_WARN_ABOUT_RETURN_TYPE = YES_ERROR;
				GCC_WARN_UNDECLARED_SELECTOR = YES;
				GCC_WARN_UNINITIALIZED_AUTOS = YES_AGGRESSIVE;
				GCC_WARN_UNUSED_FUNCTION = YES;
				GCC_WARN_UNUSED_VARIABLE = YES;
				IPHONEOS_DEPLOYMENT_TARGET = 11.2;
				MTL_ENABLE_DEBUG_INFO = NO;
				SDKROOT = iphoneos;
				SWIFT_OPTIMIZATION_LEVEL = "-Owholemodule";
				VALIDATE_PRODUCT = YES;
			};
			name = Release;
		};
		68ACA89824B22E4F00488824 /* Debug */ = {
			isa = XCBuildConfiguration;
			buildSettings = {
				ASSETCATALOG_COMPILER_APPICON_NAME = AppIcon;
				CODE_SIGN_STYLE = Automatic;
				DEVELOPMENT_TEAM = 5YZEB9WTWN;
				INFOPLIST_FILE = "Цена на Гранит/Info.plist";
				IPHONEOS_DEPLOYMENT_TARGET = 9.3;
				LD_RUNPATH_SEARCH_PATHS = "$(inherited) @executable_path/Frameworks";
				PRODUCT_BUNDLE_IDENTIFIER = "ru.yandex-sa4kov.dmitry.--------------";
				PRODUCT_NAME = "$(TARGET_NAME)";
				SWIFT_VERSION = 4.0;
				TARGETED_DEVICE_FAMILY = "1,2";
			};
			name = Debug;
		};
		68ACA89924B22E4F00488824 /* Release */ = {
			isa = XCBuildConfiguration;
			buildSettings = {
				ASSETCATALOG_COMPILER_APPICON_NAME = AppIcon;
				CODE_SIGN_STYLE = Automatic;
				DEVELOPMENT_TEAM = 5YZEB9WTWN;
				INFOPLIST_FILE = "Цена на Гранит/Info.plist";
				IPHONEOS_DEPLOYMENT_TARGET = 9.3;
				LD_RUNPATH_SEARCH_PATHS = "$(inherited) @executable_path/Frameworks";
				PRODUCT_BUNDLE_IDENTIFIER = "ru.yandex-sa4kov.dmitry.--------------";
				PRODUCT_NAME = "$(TARGET_NAME)";
				SWIFT_VERSION = 4.0;
				TARGETED_DEVICE_FAMILY = "1,2";
			};
			name = Release;
		};
/* End XCBuildConfiguration section */

/* Begin XCConfigurationList section */
		68ACA88024B22E4E00488824 /* Build configuration list for PBXProject "Цена на Гранит" */ = {
			isa = XCConfigurationList;
			buildConfigurations = (
				68ACA89524B22E4F00488824 /* Debug */,
				68ACA89624B22E4F00488824 /* Release */,
			);
			defaultConfigurationIsVisible = 0;
			defaultConfigurationName = Release;
		};
		68ACA89724B22E4F00488824 /* Build configuration list for PBXNativeTarget "Цена на Гранит" */ = {
			isa = XCConfigurationList;
			buildConfigurations = (
				68ACA89824B22E4F00488824 /* Debug */,
				68ACA89924B22E4F00488824 /* Release */,
			);
			defaultConfigurationIsVisible = 0;
			defaultConfigurationName = Release;
		};
/* End XCConfigurationList section */
	};
	rootObject = 68ACA87D24B22E4E00488824 /* Project object */;
}
